{
  "object": {
    "pins": [
      {
        "package": "ZoomableImageView",
        "repositoryURL": "https://github.com/rushairer/ZoomableImageView.git",
        "state": {
          "branch": null,
          "revision": "e2af493e2ce5ff01c10bc5eecf7bbc604f5cfbfb",
          "version": "1.0.1"
        }
      }
    ]
  },
  "version": 1
}
